
Microsoft Visual Studio Solution File, Format Version 12.00
Project("{FAE04EC0-301F-11D3-BF4B-00C04F79EFBC}") = "Toletus.LiteNet2.Command", "src\Toletus.LiteNet2.Command\Toletus.LiteNet2.Command.csproj", "{4A244A50-3BD2-4741-A843-DB107A861ED4}"
EndProject
Project("{FAE04EC0-301F-11D3-BF4B-00C04F79EFBC}") = "Toletus.LiteNet2.Base", "src\Toletus.LiteNet2.Base\Toletus.LiteNet2.Base.csproj", "{69FEF1C8-CDF5-4B71-890F-9810647F9CDF}"
EndProject
Project("{FAE04EC0-301F-11D3-BF4B-00C04F79EFBC}") = "Toletus.LiteNet2", "src\Toletus.LiteNet2\Toletus.LiteNet2.csproj", "{43D5DE15-CF9B-4411-B0AD-819AA7B5C58B}"
EndProject
Project("{FAE04EC0-301F-11D3-BF4B-00C04F79EFBC}") = "FullConsoleAppExample", "src\FullConsoleAppExample\FullConsoleAppExample.csproj", "{D9908564-A57A-4163-A056-81D7A745D72C}"
EndProject
Project("{2150E333-8FDC-42A3-9474-1A3956D46DE8}") = "src", "src", "{827E0CD3-B72D-47B6-A68D-7590B98EB39B}"
EndProject
Project("{FAE04EC0-301F-11D3-BF4B-00C04F79EFBC}") = "Toletus.LiteNet2.Base.Tests", "src\Toletus.LiteNet2.Base.Tests\Toletus.LiteNet2.Base.Tests.csproj", "{55BC49AA-1B41-4A9B-9473-D4691C998E44}"
EndProject
Global
	GlobalSection(SolutionConfigurationPlatforms) = preSolution
		Debug|Any CPU = Debug|Any CPU
		Debug|x64 = Debug|x64
		Debug|x86 = Debug|x86
		Release|Any CPU = Release|Any CPU
		Release|x64 = Release|x64
		Release|x86 = Release|x86
	EndGlobalSection
	GlobalSection(ProjectConfigurationPlatforms) = postSolution
		{4A244A50-3BD2-4741-A843-DB107A861ED4}.Debug|Any CPU.ActiveCfg = Debug|Any CPU
		{4A244A50-3BD2-4741-A843-DB107A861ED4}.Debug|Any CPU.Build.0 = Debug|Any CPU
		{4A244A50-3BD2-4741-A843-DB107A861ED4}.Debug|x64.ActiveCfg = Debug|Any CPU
		{4A244A50-3BD2-4741-A843-DB107A861ED4}.Debug|x64.Build.0 = Debug|Any CPU
		{4A244A50-3BD2-4741-A843-DB107A861ED4}.Debug|x86.ActiveCfg = Debug|Any CPU
		{4A244A50-3BD2-4741-A843-DB107A861ED4}.Debug|x86.Build.0 = Debug|Any CPU
		{4A244A50-3BD2-4741-A843-DB107A861ED4}.Release|Any CPU.ActiveCfg = Release|Any CPU
		{4A244A50-3BD2-4741-A843-DB107A861ED4}.Release|Any CPU.Build.0 = Release|Any CPU
		{4A244A50-3BD2-4741-A843-DB107A861ED4}.Release|x64.ActiveCfg = Release|Any CPU
		{4A244A50-3BD2-4741-A843-DB107A861ED4}.Release|x64.Build.0 = Release|Any CPU
		{4A244A50-3BD2-4741-A843-DB107A861ED4}.Release|x86.ActiveCfg = Release|Any CPU
		{4A244A50-3BD2-4741-A843-DB107A861ED4}.Release|x86.Build.0 = Release|Any CPU
		{69FEF1C8-CDF5-4B71-890F-9810647F9CDF}.Debug|Any CPU.ActiveCfg = Debug|Any CPU
		{69FEF1C8-CDF5-4B71-890F-9810647F9CDF}.Debug|Any CPU.Build.0 = Debug|Any CPU
		{69FEF1C8-CDF5-4B71-890F-9810647F9CDF}.Debug|x64.ActiveCfg = Debug|Any CPU
		{69FEF1C8-CDF5-4B71-890F-9810647F9CDF}.Debug|x64.Build.0 = Debug|Any CPU
		{69FEF1C8-CDF5-4B71-890F-9810647F9CDF}.Debug|x86.ActiveCfg = Debug|Any CPU
		{69FEF1C8-CDF5-4B71-890F-9810647F9CDF}.Debug|x86.Build.0 = Debug|Any CPU
		{69FEF1C8-CDF5-4B71-890F-9810647F9CDF}.Release|Any CPU.ActiveCfg = Release|Any CPU
		{69FEF1C8-CDF5-4B71-890F-9810647F9CDF}.Release|Any CPU.Build.0 = Release|Any CPU
		{69FEF1C8-CDF5-4B71-890F-9810647F9CDF}.Release|x64.ActiveCfg = Release|Any CPU
		{69FEF1C8-CDF5-4B71-890F-9810647F9CDF}.Release|x64.Build.0 = Release|Any CPU
		{69FEF1C8-CDF5-4B71-890F-9810647F9CDF}.Release|x86.ActiveCfg = Release|Any CPU
		{69FEF1C8-CDF5-4B71-890F-9810647F9CDF}.Release|x86.Build.0 = Release|Any CPU
		{43D5DE15-CF9B-4411-B0AD-819AA7B5C58B}.Debug|Any CPU.ActiveCfg = Debug|Any CPU
		{43D5DE15-CF9B-4411-B0AD-819AA7B5C58B}.Debug|Any CPU.Build.0 = Debug|Any CPU
		{43D5DE15-CF9B-4411-B0AD-819AA7B5C58B}.Debug|x64.ActiveCfg = Debug|Any CPU
		{43D5DE15-CF9B-4411-B0AD-819AA7B5C58B}.Debug|x64.Build.0 = Debug|Any CPU
		{43D5DE15-CF9B-4411-B0AD-819AA7B5C58B}.Debug|x86.ActiveCfg = Debug|Any CPU
		{43D5DE15-CF9B-4411-B0AD-819AA7B5C58B}.Debug|x86.Build.0 = Debug|Any CPU
		{43D5DE15-CF9B-4411-B0AD-819AA7B5C58B}.Release|Any CPU.ActiveCfg = Release|Any CPU
		{43D5DE15-CF9B-4411-B0AD-819AA7B5C58B}.Release|Any CPU.Build.0 = Release|Any CPU
		{43D5DE15-CF9B-4411-B0AD-819AA7B5C58B}.Release|x64.ActiveCfg = Release|Any CPU
		{43D5DE15-CF9B-4411-B0AD-819AA7B5C58B}.Release|x64.Build.0 = Release|Any CPU
		{43D5DE15-CF9B-4411-B0AD-819AA7B5C58B}.Release|x86.ActiveCfg = Release|Any CPU
		{43D5DE15-CF9B-4411-B0AD-819AA7B5C58B}.Release|x86.Build.0 = Release|Any CPU
		{D9908564-A57A-4163-A056-81D7A745D72C}.Debug|Any CPU.ActiveCfg = Debug|Any CPU
		{D9908564-A57A-4163-A056-81D7A745D72C}.Debug|Any CPU.Build.0 = Debug|Any CPU
		{D9908564-A57A-4163-A056-81D7A745D72C}.Debug|x64.ActiveCfg = Debug|Any CPU
		{D9908564-A57A-4163-A056-81D7A745D72C}.Debug|x64.Build.0 = Debug|Any CPU
		{D9908564-A57A-4163-A056-81D7A745D72C}.Debug|x86.ActiveCfg = Debug|Any CPU
		{D9908564-A57A-4163-A056-81D7A745D72C}.Debug|x86.Build.0 = Debug|Any CPU
		{D9908564-A57A-4163-A056-81D7A745D72C}.Release|Any CPU.ActiveCfg = Release|Any CPU
		{D9908564-A57A-4163-A056-81D7A745D72C}.Release|Any CPU.Build.0 = Release|Any CPU
		{D9908564-A57A-4163-A056-81D7A745D72C}.Release|x64.ActiveCfg = Release|Any CPU
		{D9908564-A57A-4163-A056-81D7A745D72C}.Release|x64.Build.0 = Release|Any CPU
		{D9908564-A57A-4163-A056-81D7A745D72C}.Release|x86.ActiveCfg = Release|Any CPU
		{D9908564-A57A-4163-A056-81D7A745D72C}.Release|x86.Build.0 = Release|Any CPU
		{55BC49AA-1B41-4A9B-9473-D4691C998E44}.Debug|Any CPU.ActiveCfg = Debug|Any CPU
		{55BC49AA-1B41-4A9B-9473-D4691C998E44}.Debug|Any CPU.Build.0 = Debug|Any CPU
		{55BC49AA-1B41-4A9B-9473-D4691C998E44}.Debug|x64.ActiveCfg = Debug|Any CPU
		{55BC49AA-1B41-4A9B-9473-D4691C998E44}.Debug|x64.Build.0 = Debug|Any CPU
		{55BC49AA-1B41-4A9B-9473-D4691C998E44}.Debug|x86.ActiveCfg = Debug|Any CPU
		{55BC49AA-1B41-4A9B-9473-D4691C998E44}.Debug|x86.Build.0 = Debug|Any CPU
		{55BC49AA-1B41-4A9B-9473-D4691C998E44}.Release|Any CPU.ActiveCfg = Release|Any CPU
		{55BC49AA-1B41-4A9B-9473-D4691C998E44}.Release|Any CPU.Build.0 = Release|Any CPU
		{55BC49AA-1B41-4A9B-9473-D4691C998E44}.Release|x64.ActiveCfg = Release|Any CPU
		{55BC49AA-1B41-4A9B-9473-D4691C998E44}.Release|x64.Build.0 = Release|Any CPU
		{55BC49AA-1B41-4A9B-9473-D4691C998E44}.Release|x86.ActiveCfg = Release|Any CPU
		{55BC49AA-1B41-4A9B-9473-D4691C998E44}.Release|x86.Build.0 = Release|Any CPU
	EndGlobalSection
	GlobalSection(SolutionProperties) = preSolution
		HideSolutionNode = FALSE
	EndGlobalSection
	GlobalSection(NestedProjects) = preSolution
		{55BC49AA-1B41-4A9B-9473-D4691C998E44} = {827E0CD3-B72D-47B6-A68D-7590B98EB39B}
	EndGlobalSection
EndGlobal
