
Microsoft Visual Studio Solution File, Format Version 12.00
Project("{FAE04EC0-301F-11D3-BF4B-00C04F79EFBC}") = "Toletus.LiteNet2.Command", "src\Toletus.LiteNet2.Command\Toletus.LiteNet2.Command.csproj", "{4A244A50-3BD2-4741-A843-DB107A861ED4}"
EndProject
Project("{FAE04EC0-301F-11D3-BF4B-00C04F79EFBC}") = "Toletus.LiteNet2.Base", "src\Toletus.LiteNet2.Base\Toletus.LiteNet2.Base.csproj", "{69FEF1C8-CDF5-4B71-890F-9810647F9CDF}"
EndProject
Project("{FAE04EC0-301F-11D3-BF4B-00C04F79EFBC}") = "Toletus.LiteNet2", "src\Toletus.LiteNet2\Toletus.LiteNet2.csproj", "{43D5DE15-CF9B-4411-B0AD-819AA7B5C58B}"
EndProject
Global
	GlobalSection(SolutionConfigurationPlatforms) = preSolution
		Debug|Any CPU = Debug|Any CPU
		Release|Any CPU = Release|Any CPU
	EndGlobalSection
	GlobalSection(ProjectConfigurationPlatforms) = postSolution
		{4A244A50-3BD2-4741-A843-DB107A861ED4}.Debug|Any CPU.ActiveCfg = Debug|Any CPU
		{4A244A50-3BD2-4741-A843-DB107A861ED4}.Debug|Any CPU.Build.0 = Debug|Any CPU
		{4A244A50-3BD2-4741-A843-DB107A861ED4}.Release|Any CPU.ActiveCfg = Release|Any CPU
		{4A244A50-3BD2-4741-A843-DB107A861ED4}.Release|Any CPU.Build.0 = Release|Any CPU
		{69FEF1C8-CDF5-4B71-890F-9810647F9CDF}.Debug|Any CPU.ActiveCfg = Debug|Any CPU
		{69FEF1C8-CDF5-4B71-890F-9810647F9CDF}.Debug|Any CPU.Build.0 = Debug|Any CPU
		{69FEF1C8-CDF5-4B71-890F-9810647F9CDF}.Release|Any CPU.ActiveCfg = Release|Any CPU
		{69FEF1C8-CDF5-4B71-890F-9810647F9CDF}.Release|Any CPU.Build.0 = Release|Any CPU
		{43D5DE15-CF9B-4411-B0AD-819AA7B5C58B}.Debug|Any CPU.ActiveCfg = Debug|Any CPU
		{43D5DE15-CF9B-4411-B0AD-819AA7B5C58B}.Debug|Any CPU.Build.0 = Debug|Any CPU
		{43D5DE15-CF9B-4411-B0AD-819AA7B5C58B}.Release|Any CPU.ActiveCfg = Release|Any CPU
		{43D5DE15-CF9B-4411-B0AD-819AA7B5C58B}.Release|Any CPU.Build.0 = Release|Any CPU
	EndGlobalSection
EndGlobal
